
Microsoft Visual Studio Solution File, Format Version 12.00
# Visual Studio 15
VisualStudioVersion = 15.0.27703.2047
MinimumVisualStudioVersion = 10.0.40219.1
Project("{9A19103F-16F7-4668-BE54-9A1E7A4F7556}") = "AGP.Mvc", "AGP.Mvc\AGP.Mvc.csproj", "{B015BB1D-F366-4012-806F-BD68D04E365C}"
EndProject
Project("{9A19103F-16F7-4668-BE54-9A1E7A4F7556}") = "AGP.DataLayer", "AGP.DataLayer\AGP.DataLayer.csproj", "{C6B60F69-75EA-43AA-9A73-E87BE534F8D6}"
EndProject
Project("{9A19103F-16F7-4668-BE54-9A1E7A4F7556}") = "AGP.Utility", "AGP.Utility\AGP.Utility.csproj", "{BE0CEE72-410C-400F-B90C-292CA53BBE69}"
EndProject
Project("{9A19103F-16F7-4668-BE54-9A1E7A4F7556}") = "AGP.Domain", "AGP.Domain\AGP.Domain.csproj", "{A45B47D9-A11C-47C3-82CA-1C2803CD79A4}"
EndProject
Project("{9A19103F-16F7-4668-BE54-9A1E7A4F7556}") = "AGP.Infrastructure", "AGP.Infrastructure\AGP.Infrastructure.csproj", "{B6E429B5-E3A5-42CC-982F-3581871B49C3}"
EndProject
Project("{FAE04EC0-301F-11D3-BF4B-00C04F79EFBC}") = "AGP.Payment", "AGP.Payment\AGP.Payment.csproj", "{30058113-573F-46E6-93AC-0FFFDFD43D64}"
EndProject
Global
	GlobalSection(SolutionConfigurationPlatforms) = preSolution
		Debug|Any CPU = Debug|Any CPU
		Release|Any CPU = Release|Any CPU
	EndGlobalSection
	GlobalSection(ProjectConfigurationPlatforms) = postSolution
		{B015BB1D-F366-4012-806F-BD68D04E365C}.Debug|Any CPU.ActiveCfg = Debug|Any CPU
		{B015BB1D-F366-4012-806F-BD68D04E365C}.Debug|Any CPU.Build.0 = Debug|Any CPU
		{B015BB1D-F366-4012-806F-BD68D04E365C}.Release|Any CPU.ActiveCfg = Release|Any CPU
		{B015BB1D-F366-4012-806F-BD68D04E365C}.Release|Any CPU.Build.0 = Release|Any CPU
		{C6B60F69-75EA-43AA-9A73-E87BE534F8D6}.Debug|Any CPU.ActiveCfg = Debug|Any CPU
		{C6B60F69-75EA-43AA-9A73-E87BE534F8D6}.Debug|Any CPU.Build.0 = Debug|Any CPU
		{C6B60F69-75EA-43AA-9A73-E87BE534F8D6}.Release|Any CPU.ActiveCfg = Release|Any CPU
		{C6B60F69-75EA-43AA-9A73-E87BE534F8D6}.Release|Any CPU.Build.0 = Release|Any CPU
		{BE0CEE72-410C-400F-B90C-292CA53BBE69}.Debug|Any CPU.ActiveCfg = Debug|Any CPU
		{BE0CEE72-410C-400F-B90C-292CA53BBE69}.Debug|Any CPU.Build.0 = Debug|Any CPU
		{BE0CEE72-410C-400F-B90C-292CA53BBE69}.Release|Any CPU.ActiveCfg = Release|Any CPU
		{BE0CEE72-410C-400F-B90C-292CA53BBE69}.Release|Any CPU.Build.0 = Release|Any CPU
		{A45B47D9-A11C-47C3-82CA-1C2803CD79A4}.Debug|Any CPU.ActiveCfg = Debug|Any CPU
		{A45B47D9-A11C-47C3-82CA-1C2803CD79A4}.Debug|Any CPU.Build.0 = Debug|Any CPU
		{A45B47D9-A11C-47C3-82CA-1C2803CD79A4}.Release|Any CPU.ActiveCfg = Release|Any CPU
		{A45B47D9-A11C-47C3-82CA-1C2803CD79A4}.Release|Any CPU.Build.0 = Release|Any CPU
		{B6E429B5-E3A5-42CC-982F-3581871B49C3}.Debug|Any CPU.ActiveCfg = Debug|Any CPU
		{B6E429B5-E3A5-42CC-982F-3581871B49C3}.Debug|Any CPU.Build.0 = Debug|Any CPU
		{B6E429B5-E3A5-42CC-982F-3581871B49C3}.Release|Any CPU.ActiveCfg = Release|Any CPU
		{B6E429B5-E3A5-42CC-982F-3581871B49C3}.Release|Any CPU.Build.0 = Release|Any CPU
		{30058113-573F-46E6-93AC-0FFFDFD43D64}.Debug|Any CPU.ActiveCfg = Debug|Any CPU
		{30058113-573F-46E6-93AC-0FFFDFD43D64}.Debug|Any CPU.Build.0 = Debug|Any CPU
		{30058113-573F-46E6-93AC-0FFFDFD43D64}.Release|Any CPU.ActiveCfg = Release|Any CPU
		{30058113-573F-46E6-93AC-0FFFDFD43D64}.Release|Any CPU.Build.0 = Release|Any CPU
	EndGlobalSection
	GlobalSection(SolutionProperties) = preSolution
		HideSolutionNode = FALSE
	EndGlobalSection
	GlobalSection(ExtensibilityGlobals) = postSolution
		SolutionGuid = {F66F8CEA-770E-4499-94F4-C92806DFB479}
	EndGlobalSection
EndGlobal
